
Microsoft Visual Studio Solution File, Format Version 12.00
# Visual Studio Version 16
VisualStudioVersion = 16.0.32602.290
MinimumVisualStudioVersion = 10.0.40219.1
Project("{FAE04EC0-301F-11D3-BF4B-00C04F79EFBC}") = "Tema3-VisorImagenes", "Tema3-VisorImagenes.csproj", "{10CDFC6A-5377-459E-8E91-4D16D994369A}"
EndProject
Global
	GlobalSection(SolutionConfigurationPlatforms) = preSolution
		Debug|Any CPU = Debug|Any CPU
		Release|Any CPU = Release|Any CPU
	EndGlobalSection
	GlobalSection(ProjectConfigurationPlatforms) = postSolution
		{10CDFC6A-5377-459E-8E91-4D16D994369A}.Debug|Any CPU.ActiveCfg = Debug|Any CPU
		{10CDFC6A-5377-459E-8E91-4D16D994369A}.Debug|Any CPU.Build.0 = Debug|Any CPU
		{10CDFC6A-5377-459E-8E91-4D16D994369A}.Release|Any CPU.ActiveCfg = Release|Any CPU
		{10CDFC6A-5377-459E-8E91-4D16D994369A}.Release|Any CPU.Build.0 = Release|Any CPU
	EndGlobalSection
	GlobalSection(SolutionProperties) = preSolution
		HideSolutionNode = FALSE
	EndGlobalSection
	GlobalSection(ExtensibilityGlobals) = postSolution
		SolutionGuid = {FD0E0FE9-095E-4E76-BA82-D54B180F60C4}
	EndGlobalSection
EndGlobal
